
Microsoft Visual Studio Solution File, Format Version 12.00
# Visual Studio Version 17
VisualStudioVersion = 17.7.34031.279
MinimumVisualStudioVersion = 10.0.40219.1
Project("{FAE04EC0-301F-11D3-BF4B-00C04F79EFBC}") = "week8EpicGame", "week8EpicGame\week8EpicGame.csproj", "{94146758-48EF-4FFD-BF11-ECF6543FF3B8}"
EndProject
Global
	GlobalSection(SolutionConfigurationPlatforms) = preSolution
		Debug|Any CPU = Debug|Any CPU
		Release|Any CPU = Release|Any CPU
	EndGlobalSection
	GlobalSection(ProjectConfigurationPlatforms) = postSolution
		{94146758-48EF-4FFD-BF11-ECF6543FF3B8}.Debug|Any CPU.ActiveCfg = Debug|Any CPU
		{94146758-48EF-4FFD-BF11-ECF6543FF3B8}.Debug|Any CPU.Build.0 = Debug|Any CPU
		{94146758-48EF-4FFD-BF11-ECF6543FF3B8}.Release|Any CPU.ActiveCfg = Release|Any CPU
		{94146758-48EF-4FFD-BF11-ECF6543FF3B8}.Release|Any CPU.Build.0 = Release|Any CPU
	EndGlobalSection
	GlobalSection(SolutionProperties) = preSolution
		HideSolutionNode = FALSE
	EndGlobalSection
	GlobalSection(ExtensibilityGlobals) = postSolution
		SolutionGuid = {EC74F4F1-825E-4EC0-BDF1-2F44C539C486}
	EndGlobalSection
EndGlobal
